{
    "name": "arnft-babylonjs",
    "version": "1.0.0",
    "lockfileVersion": 2,
    "requires": true,
    "packages": {
        "": {
            "name": "arnft-babylonjs",
            "version": "1.0.0",
            "dependencies": {
                "@babylonjs/core": "5.0.0-rc.3",
                "@babylonjs/loaders": "5.0.0-rc.3"
            },
            "devDependencies": {
                "@babylonjs/inspector": "5.0.0-rc.3"
            }
        },
        "node_modules/@babylonjs/core": {
            "version": "5.0.0-rc.3",
            "resolved": "https://registry.npmjs.org/@babylonjs/core/-/core-5.0.0-rc.3.tgz",
            "integrity": "sha512-Of3KehVZ0WRfBElORjt1sOtdFXrzj1zKLt2eVLohHuN6Ffvx4nEziY9Yg58P2yCGQXs0dRr/EhluHpheJJwiBg==",
            "dependencies": {
                "tslib": "^2.3.1"
            },
            "engines": {
                "node": ">=12.x"
            }
        },
        "node_modules/@babylonjs/gui": {
            "version": "5.0.0-rc.3",
            "resolved": "https://registry.npmjs.org/@babylonjs/gui/-/gui-5.0.0-rc.3.tgz",
            "integrity": "sha512-9SvgCtBPuUD8thXhhKIDBqsguLtaqbR6kWseh5WOAI+UdEs2fIUS1QNx93fPNZdjHjq7PvmpHGpIRG0rcpoiSQ==",
            "dev": true,
            "dependencies": {
                "@babylonjs/core": "5.0.0-rc.3",
                "tslib": "^2.3.1"
            },
            "engines": {
                "node": "*"
            }
        },
        "node_modules/@babylonjs/inspector": {
            "version": "5.0.0-rc.3",
            "resolved": "https://registry.npmjs.org/@babylonjs/inspector/-/inspector-5.0.0-rc.3.tgz",
            "integrity": "sha512-CJYNmsDEQH6tLCRZmFoYlVPrjT09YiDvzWS3gr6xN//rbcrCPb6YTx9CGd5Wj053U2UBJio8ES2m3ODDNfWYpA==",
            "dev": true,
            "dependencies": {
                "@babylonjs/core": "5.0.0-rc.3",
                "@babylonjs/gui": "5.0.0-rc.3",
                "@babylonjs/loaders": "5.0.0-rc.3",
                "@babylonjs/materials": "5.0.0-rc.3",
                "@babylonjs/serializers": "5.0.0-rc.3",
                "babylonjs-gltf2interface": "5.0.0-rc.3",
                "tslib": "^2.3.1"
            },
            "engines": {
                "node": "*"
            },
            "peerDependencies": {
                "@types/react": ">=16.7.3",
                "@types/react-dom": ">=16.0.9"
            }
        },
        "node_modules/@babylonjs/loaders": {
            "version": "5.0.0-rc.3",
            "resolved": "https://registry.npmjs.org/@babylonjs/loaders/-/loaders-5.0.0-rc.3.tgz",
            "integrity": "sha512-3UVqa04TkMVmKmnjlS5AMuexXBx0x4r2mevIG6iIuYPymH6cCCeCTh+3SoNGzLORH9Lyb4+44b3vw3C7Zqv8Tw==",
            "dependencies": {
                "@babylonjs/core": "5.0.0-rc.3",
                "babylonjs-gltf2interface": "5.0.0-rc.3",
                "tslib": "^2.3.1"
            },
            "engines": {
                "node": "*"
            }
        },
        "node_modules/@babylonjs/materials": {
            "version": "5.0.0-rc.3",
            "resolved": "https://registry.npmjs.org/@babylonjs/materials/-/materials-5.0.0-rc.3.tgz",
            "integrity": "sha512-EsKttusWohgwFeSsi9uJ+uZlkr3GojRuPTqvI3u9UFOMib7oI/psy41wmZxGiRsn87/DMeZELr0rGthU2Jq9xA==",
            "dev": true,
            "dependencies": {
                "@babylonjs/core": "5.0.0-rc.3",
                "tslib": "^2.3.1"
            },
            "engines": {
                "node": "*"
            }
        },
        "node_modules/@babylonjs/serializers": {
            "version": "5.0.0-rc.3",
            "resolved": "https://registry.npmjs.org/@babylonjs/serializers/-/serializers-5.0.0-rc.3.tgz",
            "integrity": "sha512-6fhebAe9PdliV5TlQMv9vFk34z/ubBqpuEDIoN3dZH6R4N+H0k0Lxi2AsLR5LGNXCDkAsSe3Gk9OzI6zJCqL+g==",
            "dev": true,
            "dependencies": {
                "@babylonjs/core": "5.0.0-rc.3",
                "babylonjs-gltf2interface": "5.0.0-rc.3",
                "tslib": "^2.3.1"
            },
            "engines": {
                "node": "*"
            }
        },
        "node_modules/@types/prop-types": {
            "version": "15.7.4",
            "resolved": "https://registry.npmjs.org/@types/prop-types/-/prop-types-15.7.4.tgz",
            "integrity": "sha512-rZ5drC/jWjrArrS8BR6SIr4cWpW09RNTYt9AMZo3Jwwif+iacXAqgVjm0B0Bv/S1jhDXKHqRVNCbACkJ89RAnQ==",
            "dev": true,
            "peer": true
        },
        "node_modules/@types/react": {
            "version": "17.0.40",
            "resolved": "https://registry.npmjs.org/@types/react/-/react-17.0.40.tgz",
            "integrity": "sha512-UrXhD/JyLH+W70nNSufXqMZNuUD2cXHu6UjCllC6pmOQgBX4SGXOH8fjRka0O0Ee0HrFxapDD8Bwn81Kmiz6jQ==",
            "dev": true,
            "peer": true,
            "dependencies": {
                "@types/prop-types": "*",
                "@types/scheduler": "*",
                "csstype": "^3.0.2"
            }
        },
        "node_modules/@types/react-dom": {
            "version": "17.0.13",
            "resolved": "https://registry.npmjs.org/@types/react-dom/-/react-dom-17.0.13.tgz",
            "integrity": "sha512-wEP+B8hzvy6ORDv1QBhcQia4j6ea4SFIBttHYpXKPFZRviBvknq0FRh3VrIxeXUmsPkwuXVZrVGG7KUVONmXCQ==",
            "dev": true,
            "peer": true,
            "dependencies": {
                "@types/react": "*"
            }
        },
        "node_modules/@types/scheduler": {
            "version": "0.16.2",
            "resolved": "https://registry.npmjs.org/@types/scheduler/-/scheduler-0.16.2.tgz",
            "integrity": "sha512-hppQEBDmlwhFAXKJX2KnWLYu5yMfi91yazPb2l+lbJiwW+wdo1gNeRA+3RgNSO39WYX2euey41KEwnqesU2Jew==",
            "dev": true,
            "peer": true
        },
        "node_modules/babylonjs-gltf2interface": {
            "version": "5.0.0-rc.3",
            "resolved": "https://registry.npmjs.org/babylonjs-gltf2interface/-/babylonjs-gltf2interface-5.0.0-rc.3.tgz",
            "integrity": "sha512-hXYD2C/4OT2toGSP1Ll89rf6b9r+tqkWnP22C5rnZQ69TJMukvv//dXujJC6sVHZZ7Gt9zpihmVJCgTFTJ/4cg==",
            "engines": {
                "node": "*"
            }
        },
        "node_modules/csstype": {
            "version": "3.0.11",
            "resolved": "https://registry.npmjs.org/csstype/-/csstype-3.0.11.tgz",
            "integrity": "sha512-sa6P2wJ+CAbgyy4KFssIb/JNMLxFvKF1pCYCSXS8ZMuqZnMsrxqI2E5sPyoTpxoPU/gVZMzr2zjOfg8GIZOMsw==",
            "dev": true,
            "peer": true
        },
        "node_modules/tslib": {
            "version": "2.3.1",
            "resolved": "https://registry.npmjs.org/tslib/-/tslib-2.3.1.tgz",
            "integrity": "sha512-77EbyPPpMz+FRFRuAFlWMtmgUWGe9UOG2Z25NqCwiIjRhOf5iKGuzSe5P2w1laq+FkRy4p+PCuVkJSGkzTEKVw=="
        }
    },
    "dependencies": {
        "@babylonjs/core": {
            "version": "5.0.0-rc.3",
            "resolved": "https://registry.npmjs.org/@babylonjs/core/-/core-5.0.0-rc.3.tgz",
            "integrity": "sha512-Of3KehVZ0WRfBElORjt1sOtdFXrzj1zKLt2eVLohHuN6Ffvx4nEziY9Yg58P2yCGQXs0dRr/EhluHpheJJwiBg==",
            "requires": {
                "tslib": "^2.3.1"
            }
        },
        "@babylonjs/gui": {
            "version": "5.0.0-rc.3",
            "resolved": "https://registry.npmjs.org/@babylonjs/gui/-/gui-5.0.0-rc.3.tgz",
            "integrity": "sha512-9SvgCtBPuUD8thXhhKIDBqsguLtaqbR6kWseh5WOAI+UdEs2fIUS1QNx93fPNZdjHjq7PvmpHGpIRG0rcpoiSQ==",
            "dev": true,
            "requires": {
                "@babylonjs/core": "5.0.0-rc.3",
                "tslib": "^2.3.1"
            }
        },
        "@babylonjs/inspector": {
            "version": "5.0.0-rc.3",
            "resolved": "https://registry.npmjs.org/@babylonjs/inspector/-/inspector-5.0.0-rc.3.tgz",
            "integrity": "sha512-CJYNmsDEQH6tLCRZmFoYlVPrjT09YiDvzWS3gr6xN//rbcrCPb6YTx9CGd5Wj053U2UBJio8ES2m3ODDNfWYpA==",
            "dev": true,
            "requires": {
                "@babylonjs/core": "5.0.0-rc.3",
                "@babylonjs/gui": "5.0.0-rc.3",
                "@babylonjs/loaders": "5.0.0-rc.3",
                "@babylonjs/materials": "5.0.0-rc.3",
                "@babylonjs/serializers": "5.0.0-rc.3",
                "babylonjs-gltf2interface": "5.0.0-rc.3",
                "tslib": "^2.3.1"
            }
        },
        "@babylonjs/loaders": {
            "version": "5.0.0-rc.3",
            "resolved": "https://registry.npmjs.org/@babylonjs/loaders/-/loaders-5.0.0-rc.3.tgz",
            "integrity": "sha512-3UVqa04TkMVmKmnjlS5AMuexXBx0x4r2mevIG6iIuYPymH6cCCeCTh+3SoNGzLORH9Lyb4+44b3vw3C7Zqv8Tw==",
            "requires": {
                "@babylonjs/core": "5.0.0-rc.3",
                "babylonjs-gltf2interface": "5.0.0-rc.3",
                "tslib": "^2.3.1"
            }
        },
        "@babylonjs/materials": {
            "version": "5.0.0-rc.3",
            "resolved": "https://registry.npmjs.org/@babylonjs/materials/-/materials-5.0.0-rc.3.tgz",
            "integrity": "sha512-EsKttusWohgwFeSsi9uJ+uZlkr3GojRuPTqvI3u9UFOMib7oI/psy41wmZxGiRsn87/DMeZELr0rGthU2Jq9xA==",
            "dev": true,
            "requires": {
                "@babylonjs/core": "5.0.0-rc.3",
                "tslib": "^2.3.1"
            }
        },
        "@babylonjs/serializers": {
            "version": "5.0.0-rc.3",
            "resolved": "https://registry.npmjs.org/@babylonjs/serializers/-/serializers-5.0.0-rc.3.tgz",
            "integrity": "sha512-6fhebAe9PdliV5TlQMv9vFk34z/ubBqpuEDIoN3dZH6R4N+H0k0Lxi2AsLR5LGNXCDkAsSe3Gk9OzI6zJCqL+g==",
            "dev": true,
            "requires": {
                "@babylonjs/core": "5.0.0-rc.3",
                "babylonjs-gltf2interface": "5.0.0-rc.3",
                "tslib": "^2.3.1"
            }
        },
        "@types/prop-types": {
            "version": "15.7.4",
            "resolved": "https://registry.npmjs.org/@types/prop-types/-/prop-types-15.7.4.tgz",
            "integrity": "sha512-rZ5drC/jWjrArrS8BR6SIr4cWpW09RNTYt9AMZo3Jwwif+iacXAqgVjm0B0Bv/S1jhDXKHqRVNCbACkJ89RAnQ==",
            "dev": true,
            "peer": true
        },
        "@types/react": {
            "version": "17.0.40",
            "resolved": "https://registry.npmjs.org/@types/react/-/react-17.0.40.tgz",
            "integrity": "sha512-UrXhD/JyLH+W70nNSufXqMZNuUD2cXHu6UjCllC6pmOQgBX4SGXOH8fjRka0O0Ee0HrFxapDD8Bwn81Kmiz6jQ==",
            "dev": true,
            "peer": true,
            "requires": {
                "@types/prop-types": "*",
                "@types/scheduler": "*",
                "csstype": "^3.0.2"
            }
        },
        "@types/react-dom": {
            "version": "17.0.13",
            "resolved": "https://registry.npmjs.org/@types/react-dom/-/react-dom-17.0.13.tgz",
            "integrity": "sha512-wEP+B8hzvy6ORDv1QBhcQia4j6ea4SFIBttHYpXKPFZRviBvknq0FRh3VrIxeXUmsPkwuXVZrVGG7KUVONmXCQ==",
            "dev": true,
            "peer": true,
            "requires": {
                "@types/react": "*"
            }
        },
        "@types/scheduler": {
            "version": "0.16.2",
            "resolved": "https://registry.npmjs.org/@types/scheduler/-/scheduler-0.16.2.tgz",
            "integrity": "sha512-hppQEBDmlwhFAXKJX2KnWLYu5yMfi91yazPb2l+lbJiwW+wdo1gNeRA+3RgNSO39WYX2euey41KEwnqesU2Jew==",
            "dev": true,
            "peer": true
        },
        "babylonjs-gltf2interface": {
            "version": "5.0.0-rc.3",
            "resolved": "https://registry.npmjs.org/babylonjs-gltf2interface/-/babylonjs-gltf2interface-5.0.0-rc.3.tgz",
            "integrity": "sha512-hXYD2C/4OT2toGSP1Ll89rf6b9r+tqkWnP22C5rnZQ69TJMukvv//dXujJC6sVHZZ7Gt9zpihmVJCgTFTJ/4cg=="
        },
        "csstype": {
            "version": "3.0.11",
            "resolved": "https://registry.npmjs.org/csstype/-/csstype-3.0.11.tgz",
            "integrity": "sha512-sa6P2wJ+CAbgyy4KFssIb/JNMLxFvKF1pCYCSXS8ZMuqZnMsrxqI2E5sPyoTpxoPU/gVZMzr2zjOfg8GIZOMsw==",
            "dev": true,
            "peer": true
        },
        "tslib": {
            "version": "2.3.1",
            "resolved": "https://registry.npmjs.org/tslib/-/tslib-2.3.1.tgz",
            "integrity": "sha512-77EbyPPpMz+FRFRuAFlWMtmgUWGe9UOG2Z25NqCwiIjRhOf5iKGuzSe5P2w1laq+FkRy4p+PCuVkJSGkzTEKVw=="
        }
    }
}
